PODS:
  - Alamofire (4.8.1)
  - AlamofireImage (3.5.0):
    - Alamofire (~> 4.8)
  - Kingfisher (5.1.1)
  - NewPopMenu (2.1.2)
  - OAuthSwift (1.3.0)
  - ShelfView (1.1):
    - Kingfisher (~> 5.0)
  - SwiftyJSON (4.2.0)
  - SWXMLHash (4.7.6)

DEPENDENCIES:
  - Alamofire (~> 4.8.1)
  - AlamofireImage (~> 3.5)
  - NewPopMenu (~> 2.0)
  - OAuthSwift
  - ShelfView (~> 1.1)
  - SwiftyJSON (~> 4.0)
  - SWXMLHash (~> 4.7.0)

SPEC REPOS:
  https://github.com/cocoapods/specs.git:
    - Alamofire
    - AlamofireImage
    - Kingfisher
    - NewPopMenu
    - OAuthSwift
    - ShelfView
    - SwiftyJSON
    - SWXMLHash

SPEC CHECKSUMS:
  Alamofire: 16ce2c353fb72865124ddae8a57c5942388f4f11
  AlamofireImage: 1aea346f4dda2f6c67622fa5a89fcbb80d79cc16
  Kingfisher: 2558186963e5be42d98c5b110ccb3130148b77e4
  NewPopMenu: c6129e08e8192f6257ceb5f9a4357e1b59c6e2e7
  OAuthSwift: 7ef2f74cb570e1e30e2aeddc58fccc0f3891d057
  ShelfView: 7664e2d363b488f2911527930023a112add66668
  SwiftyJSON: c4bcba26dd9ec7a027fc8eade48e2c911f229e96
  SWXMLHash: f6e0933ce74f2626669dc544851bc9fc1941670d

PODFILE CHECKSUM: d1469dc1c8046129adbf040cc92a0a9a7368a4d8

COCOAPODS: 1.5.3
