// !$*UTF8*$!
{
	archiveVersion = 1;
	classes = {
	};
	objectVersion = 50;
	objects = {

/* Begin PBXBuildFile section */
		170CAC5E224A4AE900183093 /* RecommendedBooksModel.swift in Sources */ = {isa = PBXBuildFile; fileRef = 170CAC5D224A4AE900183093 /* RecommendedBooksModel.swift */; };
		170CAC60224A58D000183093 /* CustomCollectionViewCell.swift in Sources */ = {isa = PBXBuildFile; fileRef = 170CAC5F224A58D000183093 /* CustomCollectionViewCell.swift */; };
		174010322223E74A0083350B /* MyReviewViewController.swift in Sources */ = {isa = PBXBuildFile; fileRef = 174010312223E74A0083350B /* MyReviewViewController.swift */; };
		174010342223EC5D0083350B /* CosmosDistrib.swift in Sources */ = {isa = PBXBuildFile; fileRef = 174010332223EC5D0083350B /* CosmosDistrib.swift */; };
		1741A47A2212FBD600031AB1 /* DetailViewController.swift in Sources */ = {isa = PBXBuildFile; fileRef = 1741A4792212FBD600031AB1 /* DetailViewController.swift */; };
		1741A47E2212FD9600031AB1 /* SearchResultsTableViewController.swift in Sources */ = {isa = PBXBuildFile; fileRef = 1741A47D2212FD9600031AB1 /* SearchResultsTableViewController.swift */; };
		1741A4802212FDB300031AB1 /* CustomTableViewCell.swift in Sources */ = {isa = PBXBuildFile; fileRef = 1741A47F2212FDB300031AB1 /* CustomTableViewCell.swift */; };
		174D7D292230FCAE006B7945 /* ShelfProtocols.swift in Sources */ = {isa = PBXBuildFile; fileRef = 174D7D282230FCAE006B7945 /* ShelfProtocols.swift */; };
		174D7D2D2230FD4C006B7945 /* MyReviewProtocols.swift in Sources */ = {isa = PBXBuildFile; fileRef = 174D7D2C2230FD4C006B7945 /* MyReviewProtocols.swift */; };
		174D7D302230FD9D006B7945 /* CriticReviewsProtocols.swift in Sources */ = {isa = PBXBuildFile; fileRef = 174D7D2F2230FD9D006B7945 /* CriticReviewsProtocols.swift */; };
		174D7D332230FDEF006B7945 /* SearchProtocols.swift in Sources */ = {isa = PBXBuildFile; fileRef = 174D7D322230FDEF006B7945 /* SearchProtocols.swift */; };
		174D7D362230FE4E006B7945 /* DetailsProtocols.swift in Sources */ = {isa = PBXBuildFile; fileRef = 174D7D352230FE4E006B7945 /* DetailsProtocols.swift */; };
		174D7D3822316846006B7945 /* CriticReviewViewModelTests.swift in Sources */ = {isa = PBXBuildFile; fileRef = 174D7D3722316846006B7945 /* CriticReviewViewModelTests.swift */; };
		174F662D222D04A000CFCBF1 /* DetailRepository.swift in Sources */ = {isa = PBXBuildFile; fileRef = 174F662C222D04A000CFCBF1 /* DetailRepository.swift */; };
		174F6631222D04C600CFCBF1 /* DetailViewModel.swift in Sources */ = {isa = PBXBuildFile; fileRef = 174F6630222D04C600CFCBF1 /* DetailViewModel.swift */; };
		174F6634222D2EE200CFCBF1 /* DetailsModel.swift in Sources */ = {isa = PBXBuildFile; fileRef = 174F6633222D2EE200CFCBF1 /* DetailsModel.swift */; };
		174F6636222D58E200CFCBF1 /* ImageExtension.swift in Sources */ = {isa = PBXBuildFile; fileRef = 174F6635222D58E200CFCBF1 /* ImageExtension.swift */; };
		174F663D222D74EE00CFCBF1 /* ShelfViewModel.swift in Sources */ = {isa = PBXBuildFile; fileRef = 174F663C222D74EE00CFCBF1 /* ShelfViewModel.swift */; };
		174F663F222D763000CFCBF1 /* ShelfRepository.swift in Sources */ = {isa = PBXBuildFile; fileRef = 174F663E222D763000CFCBF1 /* ShelfRepository.swift */; };
		175E3D91221BE37D001D9BF9 /* PlainShelfController.swift in Sources */ = {isa = PBXBuildFile; fileRef = 175E3D90221BE37D001D9BF9 /* PlainShelfController.swift */; };
		175F9F842216A2B8001F52EB /* ThemeManager.swift in Sources */ = {isa = PBXBuildFile; fileRef = 175F9F832216A2B8001F52EB /* ThemeManager.swift */; };
		175F9F862216B718001F52EB /* ReviewsTableViewController.swift in Sources */ = {isa = PBXBuildFile; fileRef = 175F9F852216B718001F52EB /* ReviewsTableViewController.swift */; };
		175F9F8A2216BAC6001F52EB /* ReviewsTableViewCell.swift in Sources */ = {isa = PBXBuildFile; fileRef = 175F9F892216BAC6001F52EB /* ReviewsTableViewCell.swift */; };
		175FE7EA220C6D6E00616A5E /* AppDelegate.swift in Sources */ = {isa = PBXBuildFile; fileRef = 175FE7E9220C6D6E00616A5E /* AppDelegate.swift */; };
		175FE7EF220C6D6E00616A5E /* Main.storyboard in Resources */ = {isa = PBXBuildFile; fileRef = 175FE7ED220C6D6E00616A5E /* Main.storyboard */; };
		175FE7F1220C6D6E00616A5E /* Assets.xcassets in Resources */ = {isa = PBXBuildFile; fileRef = 175FE7F0220C6D6E00616A5E /* Assets.xcassets */; };
		175FE7F4220C6D6E00616A5E /* LaunchScreen.storyboard in Resources */ = {isa = PBXBuildFile; fileRef = 175FE7F2220C6D6E00616A5E /* LaunchScreen.storyboard */; };
		176F20832237959E00E54702 /* SearchViewModelTests.swift in Sources */ = {isa = PBXBuildFile; fileRef = 176F20822237959E00E54702 /* SearchViewModelTests.swift */; };
		176F2086223801C500E54702 /* DetailViewModelTests.swift in Sources */ = {isa = PBXBuildFile; fileRef = 176F2085223801C500E54702 /* DetailViewModelTests.swift */; };
		1778FD512242116C00717ACA /* Reading Harry Potter_Results.xml in Resources */ = {isa = PBXBuildFile; fileRef = 1778FD502242116C00717ACA /* Reading Harry Potter_Results.xml */; };
		1778FD532242170100717ACA /* Harry Potter and the chamber_Result.json in Resources */ = {isa = PBXBuildFile; fileRef = 1778FD522242170100717ACA /* Harry Potter and the chamber_Result.json */; };
		1778FD5522421C0F00717ACA /* Harry Potter and the Chamber of Secrets_Results.xml in Resources */ = {isa = PBXBuildFile; fileRef = 1778FD5422421C0F00717ACA /* Harry Potter and the Chamber of Secrets_Results.xml */; };
		1782F8B02228158C00514AE1 /* SearchViewModel.swift in Sources */ = {isa = PBXBuildFile; fileRef = 1782F8AF2228158C00514AE1 /* SearchViewModel.swift */; };
		1782F8B82228161300514AE1 /* SearchModel.swift in Sources */ = {isa = PBXBuildFile; fileRef = 1782F8B72228161300514AE1 /* SearchModel.swift */; };
		1782F8BB2228163C00514AE1 /* SearchRepository.swift in Sources */ = {isa = PBXBuildFile; fileRef = 1782F8BA2228163C00514AE1 /* SearchRepository.swift */; };
		17840730224A074100F9D893 /* RecommendationsTastediveService.swift in Sources */ = {isa = PBXBuildFile; fileRef = 1784072F224A074100F9D893 /* RecommendationsTastediveService.swift */; };
		17840732224A0B6100F9D893 /* ArrayExtension.swift in Sources */ = {isa = PBXBuildFile; fileRef = 17840731224A0B6100F9D893 /* ArrayExtension.swift */; };
		17869A492241066700165130 /* CriticReviewsObjectiveProtocols.m in Sources */ = {isa = PBXBuildFile; fileRef = 17869A482241066700165130 /* CriticReviewsObjectiveProtocols.m */; };
		17869A4B22410A3500165130 /* DetailsUITests.swift in Sources */ = {isa = PBXBuildFile; fileRef = 17869A4A22410A3500165130 /* DetailsUITests.swift */; };
		17869A4D22410B4E00165130 /* DetailsAlamofireService.swift in Sources */ = {isa = PBXBuildFile; fileRef = 17869A4C22410B4E00165130 /* DetailsAlamofireService.swift */; };
		17869A4F22410B6900165130 /* DetailsOAuthswiftService.swift in Sources */ = {isa = PBXBuildFile; fileRef = 17869A4E22410B6900165130 /* DetailsOAuthswiftService.swift */; };
		17869A51224134C800165130 /* Harry Potter and the Chamber of Secrets_Reviews.json in Resources */ = {isa = PBXBuildFile; fileRef = 17869A50224134C800165130 /* Harry Potter and the Chamber of Secrets_Reviews.json */; };
		17869A532241373A00165130 /* Reading Harry Potter_Reviews.json in Resources */ = {isa = PBXBuildFile; fileRef = 17869A522241373A00165130 /* Reading Harry Potter_Reviews.json */; };
		17869A5622413B5100165130 /* Book_List.xml in Resources */ = {isa = PBXBuildFile; fileRef = 17869A5522413B5100165130 /* Book_List.xml */; };
		179E2FB72248B5A500AA08F5 /* RecommendationsViewModel.swift in Sources */ = {isa = PBXBuildFile; fileRef = 179E2FB62248B5A500AA08F5 /* RecommendationsViewModel.swift */; };
		179E2FB92248B5BE00AA08F5 /* RecommendationsRepository.swift in Sources */ = {isa = PBXBuildFile; fileRef = 179E2FB82248B5BE00AA08F5 /* RecommendationsRepository.swift */; };
		179E2FBC2248BAED00AA08F5 /* RecommendationsProtocols.swift in Sources */ = {isa = PBXBuildFile; fileRef = 179E2FBB2248BAED00AA08F5 /* RecommendationsProtocols.swift */; };
		179E2FBE2248C13D00AA08F5 /* RecommendationsGoodreadsService.swift in Sources */ = {isa = PBXBuildFile; fileRef = 179E2FBD2248C13D00AA08F5 /* RecommendationsGoodreadsService.swift */; };
		179E2FC12248D08000AA08F5 /* RecommendationsModel.swift in Sources */ = {isa = PBXBuildFile; fileRef = 179E2FC02248D08000AA08F5 /* RecommendationsModel.swift */; };
		179E2FC32249233B00AA08F5 /* RecommendationsViewModelTests.swift in Sources */ = {isa = PBXBuildFile; fileRef = 179E2FC22249233B00AA08F5 /* RecommendationsViewModelTests.swift */; };
		17A6E873222FA57F00450D8E /* RecommendationsViewController.swift in Sources */ = {isa = PBXBuildFile; fileRef = 17A6E872222FA57F00450D8E /* RecommendationsViewController.swift */; };
		17AD8B2A222E67D5005ECD96 /* ShelfModel.swift in Sources */ = {isa = PBXBuildFile; fileRef = 17AD8B29222E67D5005ECD96 /* ShelfModel.swift */; };
		17AD8B31222E7160005ECD96 /* CriticReviewsViewModel.swift in Sources */ = {isa = PBXBuildFile; fileRef = 17AD8B30222E7160005ECD96 /* CriticReviewsViewModel.swift */; };
		17AD8B33222E7532005ECD96 /* CriticReviewsRepository.swift in Sources */ = {isa = PBXBuildFile; fileRef = 17AD8B32222E7532005ECD96 /* CriticReviewsRepository.swift */; };
		17AD8B35222E767A005ECD96 /* enumList.swift in Sources */ = {isa = PBXBuildFile; fileRef = 17AD8B34222E767A005ECD96 /* enumList.swift */; };
		17AD8B3D222E77F8005ECD96 /* MyReviewRepository.swift in Sources */ = {isa = PBXBuildFile; fileRef = 17AD8B3C222E77F8005ECD96 /* MyReviewRepository.swift */; };
		17AD8B3F222E781E005ECD96 /* MyReviewViewModel.swift in Sources */ = {isa = PBXBuildFile; fileRef = 17AD8B3E222E781E005ECD96 /* MyReviewViewModel.swift */; };
		17B78D00223FD12C008FB688 /* H_Result.json in Resources */ = {isa = PBXBuildFile; fileRef = 17B78CFF223FD12C008FB688 /* H_Result.json */; };
		17B78D02223FD204008FB688 /* Harry P_Result.json in Resources */ = {isa = PBXBuildFile; fileRef = 17B78D01223FD204008FB688 /* Harry P_Result.json */; };
		17B78D05223FD8E8008FB688 /* SearchAlamofireService.swift in Sources */ = {isa = PBXBuildFile; fileRef = 17B78D04223FD8E8008FB688 /* SearchAlamofireService.swift */; };
		17B78D09223FE6E3008FB688 /* Harry_Result.json in Resources */ = {isa = PBXBuildFile; fileRef = 17B78D07223FE6E3008FB688 /* Harry_Result.json */; };
		17B78D0A223FE6E3008FB688 /* Har_Result.json in Resources */ = {isa = PBXBuildFile; fileRef = 17B78D08223FE6E3008FB688 /* Har_Result.json */; };
		17B78D0C223FE8AC008FB688 /* Harr_Result.json in Resources */ = {isa = PBXBuildFile; fileRef = 17B78D0B223FE8AC008FB688 /* Harr_Result.json */; };
		17BA7E512236430E00C24FBB /* MyReviewViewModelTests.swift in Sources */ = {isa = PBXBuildFile; fileRef = 17BA7E502236430E00C24FBB /* MyReviewViewModelTests.swift */; };
		17BA7E5322365DB600C24FBB /* ShelfViewModelTests.swift in Sources */ = {isa = PBXBuildFile; fileRef = 17BA7E5222365DB600C24FBB /* ShelfViewModelTests.swift */; };
		17EAF871223A82700053AF92 /* SearchUITests.swift in Sources */ = {isa = PBXBuildFile; fileRef = 17EAF870223A82700053AF92 /* SearchUITests.swift */; };
		4BAEA90A424DE8C49118995E /* Pods_BookWyrmTests.framework in Frameworks */ = {isa = PBXBuildFile; fileRef = 0F6DB4995E5B3861235694D4 /* Pods_BookWyrmTests.framework */; };
		E81C5A79B30BC3AF7DBFCD46 /* Pods_BookWyrm.framework in Frameworks */ = {isa = PBXBuildFile; fileRef = E228E9460EAB5D4CCB57CD93 /* Pods_BookWyrm.framework */; };
/* End PBXBuildFile section */

/* Begin PBXContainerItemProxy section */
		17BA3156221D4C1500D1A0AA /* PBXContainerItemProxy */ = {
			isa = PBXContainerItemProxy;
			containerPortal = 175FE7DE220C6D6E00616A5E /* Project object */;
			proxyType = 1;
			remoteGlobalIDString = 175FE7E5220C6D6E00616A5E;
			remoteInfo = BookWyrm;
		};
		17EAF869223A72F50053AF92 /* PBXContainerItemProxy */ = {
			isa = PBXContainerItemProxy;
			containerPortal = 175FE7DE220C6D6E00616A5E /* Project object */;
			proxyType = 1;
			remoteGlobalIDString = 175FE7E5220C6D6E00616A5E;
			remoteInfo = BookWyrm;
		};
/* End PBXContainerItemProxy section */

/* Begin PBXFileReference section */
		0C5FB736401D31794089D1C7 /* Pods-BookWyrmTests.release.xcconfig */ = {isa = PBXFileReference; includeInIndex = 1; lastKnownFileType = text.xcconfig; name = "Pods-BookWyrmTests.release.xcconfig"; path = "Pods/Target Support Files/Pods-BookWyrmTests/Pods-BookWyrmTests.release.xcconfig"; sourceTree = "<group>"; };
		0F6DB4995E5B3861235694D4 /* Pods_BookWyrmTests.framework */ = {isa = PBXFileReference; explicitFileType = wrapper.framework; includeInIndex = 0; path = Pods_BookWyrmTests.framework; sourceTree = BUILT_PRODUCTS_DIR; };
		170CAC5D224A4AE900183093 /* RecommendedBooksModel.swift */ = {isa = PBXFileReference; lastKnownFileType = sourcecode.swift; path = RecommendedBooksModel.swift; sourceTree = "<group>"; };
		170CAC5F224A58D000183093 /* CustomCollectionViewCell.swift */ = {isa = PBXFileReference; lastKnownFileType = sourcecode.swift; path = CustomCollectionViewCell.swift; sourceTree = "<group>"; };
		174010312223E74A0083350B /* MyReviewViewController.swift */ = {isa = PBXFileReference; lastKnownFileType = sourcecode.swift; path = MyReviewViewController.swift; sourceTree = "<group>"; };
		174010332223EC5D0083350B /* CosmosDistrib.swift */ = {isa = PBXFileReference; lastKnownFileType = sourcecode.swift; path = CosmosDistrib.swift; sourceTree = "<group>"; };
		1741A4792212FBD600031AB1 /* DetailViewController.swift */ = {isa = PBXFileReference; fileEncoding = 4; lastKnownFileType = sourcecode.swift; path = DetailViewController.swift; sourceTree = "<group>"; };
		1741A47D2212FD9600031AB1 /* SearchResultsTableViewController.swift */ = {isa = PBXFileReference; lastKnownFileType = sourcecode.swift; path = SearchResultsTableViewController.swift; sourceTree = "<group>"; };
		1741A47F2212FDB300031AB1 /* CustomTableViewCell.swift */ = {isa = PBXFileReference; lastKnownFileType = sourcecode.swift; path = CustomTableViewCell.swift; sourceTree = "<group>"; };
		174D7D282230FCAE006B7945 /* ShelfProtocols.swift */ = {isa = PBXFileReference; lastKnownFileType = sourcecode.swift; path = ShelfProtocols.swift; sourceTree = "<group>"; };
		174D7D2C2230FD4C006B7945 /* MyReviewProtocols.swift */ = {isa = PBXFileReference; lastKnownFileType = sourcecode.swift; path = MyReviewProtocols.swift; sourceTree = "<group>"; };
		174D7D2F2230FD9D006B7945 /* CriticReviewsProtocols.swift */ = {isa = PBXFileReference; lastKnownFileType = sourcecode.swift; path = CriticReviewsProtocols.swift; sourceTree = "<group>"; };
		174D7D322230FDEF006B7945 /* SearchProtocols.swift */ = {isa = PBXFileReference; lastKnownFileType = sourcecode.swift; path = SearchProtocols.swift; sourceTree = "<group>"; };
		174D7D352230FE4E006B7945 /* DetailsProtocols.swift */ = {isa = PBXFileReference; lastKnownFileType = sourcecode.swift; path = DetailsProtocols.swift; sourceTree = "<group>"; };
		174D7D3722316846006B7945 /* CriticReviewViewModelTests.swift */ = {isa = PBXFileReference; lastKnownFileType = sourcecode.swift; path = CriticReviewViewModelTests.swift; sourceTree = "<group>"; };
		174F662C222D04A000CFCBF1 /* DetailRepository.swift */ = {isa = PBXFileReference; lastKnownFileType = sourcecode.swift; path = DetailRepository.swift; sourceTree = "<group>"; };
		174F6630222D04C600CFCBF1 /* DetailViewModel.swift */ = {isa = PBXFileReference; lastKnownFileType = sourcecode.swift; path = DetailViewModel.swift; sourceTree = "<group>"; };
		174F6633222D2EE200CFCBF1 /* DetailsModel.swift */ = {isa = PBXFileReference; lastKnownFileType = sourcecode.swift; path = DetailsModel.swift; sourceTree = "<group>"; };
		174F6635222D58E200CFCBF1 /* ImageExtension.swift */ = {isa = PBXFileReference; lastKnownFileType = sourcecode.swift; path = ImageExtension.swift; sourceTree = "<group>"; };
		174F663C222D74EE00CFCBF1 /* ShelfViewModel.swift */ = {isa = PBXFileReference; lastKnownFileType = sourcecode.swift; path = ShelfViewModel.swift; sourceTree = "<group>"; };
		174F663E222D763000CFCBF1 /* ShelfRepository.swift */ = {isa = PBXFileReference; lastKnownFileType = sourcecode.swift; path = ShelfRepository.swift; sourceTree = "<group>"; };
		175E3D90221BE37D001D9BF9 /* PlainShelfController.swift */ = {isa = PBXFileReference; lastKnownFileType = sourcecode.swift; path = PlainShelfController.swift; sourceTree = "<group>"; };
		175F9F832216A2B8001F52EB /* ThemeManager.swift */ = {isa = PBXFileReference; lastKnownFileType = sourcecode.swift; path = ThemeManager.swift; sourceTree = "<group>"; };
		175F9F852216B718001F52EB /* ReviewsTableViewController.swift */ = {isa = PBXFileReference; lastKnownFileType = sourcecode.swift; path = ReviewsTableViewController.swift; sourceTree = "<group>"; };
		175F9F892216BAC6001F52EB /* ReviewsTableViewCell.swift */ = {isa = PBXFileReference; lastKnownFileType = sourcecode.swift; path = ReviewsTableViewCell.swift; sourceTree = "<group>"; };
		175FE7E6220C6D6E00616A5E /* BookWyrm.app */ = {isa = PBXFileReference; explicitFileType = wrapper.application; includeInIndex = 0; path = BookWyrm.app; sourceTree = BUILT_PRODUCTS_DIR; };
		175FE7E9220C6D6E00616A5E /* AppDelegate.swift */ = {isa = PBXFileReference; lastKnownFileType = sourcecode.swift; path = AppDelegate.swift; sourceTree = "<group>"; };
		175FE7EE220C6D6E00616A5E /* Base */ = {isa = PBXFileReference; lastKnownFileType = file.storyboard; name = Base; path = Base.lproj/Main.storyboard; sourceTree = "<group>"; };
		175FE7F0220C6D6E00616A5E /* Assets.xcassets */ = {isa = PBXFileReference; lastKnownFileType = folder.assetcatalog; path = Assets.xcassets; sourceTree = "<group>"; };
		175FE7F3220C6D6E00616A5E /* Base */ = {isa = PBXFileReference; lastKnownFileType = file.storyboard; name = Base; path = Base.lproj/LaunchScreen.storyboard; sourceTree = "<group>"; };
		175FE7F5220C6D6E00616A5E /* Info.plist */ = {isa = PBXFileReference; lastKnownFileType = text.plist.xml; path = Info.plist; sourceTree = "<group>"; };
		176F20822237959E00E54702 /* SearchViewModelTests.swift */ = {isa = PBXFileReference; lastKnownFileType = sourcecode.swift; path = SearchViewModelTests.swift; sourceTree = "<group>"; };
		176F2085223801C500E54702 /* DetailViewModelTests.swift */ = {isa = PBXFileReference; lastKnownFileType = sourcecode.swift; path = DetailViewModelTests.swift; sourceTree = "<group>"; };
		1778FD502242116C00717ACA /* Reading Harry Potter_Results.xml */ = {isa = PBXFileReference; fileEncoding = 4; lastKnownFileType = text.xml; path = "Reading Harry Potter_Results.xml"; sourceTree = "<group>"; };
		1778FD522242170100717ACA /* Harry Potter and the chamber_Result.json */ = {isa = PBXFileReference; fileEncoding = 4; lastKnownFileType = text.json; path = "Harry Potter and the chamber_Result.json"; sourceTree = "<group>"; };
		1778FD5422421C0F00717ACA /* Harry Potter and the Chamber of Secrets_Results.xml */ = {isa = PBXFileReference; fileEncoding = 4; lastKnownFileType = text.xml; path = "Harry Potter and the Chamber of Secrets_Results.xml"; sourceTree = "<group>"; };
		1782F8AF2228158C00514AE1 /* SearchViewModel.swift */ = {isa = PBXFileReference; lastKnownFileType = sourcecode.swift; path = SearchViewModel.swift; sourceTree = "<group>"; };
		1782F8B72228161300514AE1 /* SearchModel.swift */ = {isa = PBXFileReference; lastKnownFileType = sourcecode.swift; path = SearchModel.swift; sourceTree = "<group>"; };
		1782F8BA2228163C00514AE1 /* SearchRepository.swift */ = {isa = PBXFileReference; lastKnownFileType = sourcecode.swift; path = SearchRepository.swift; sourceTree = "<group>"; };
		1784072F224A074100F9D893 /* RecommendationsTastediveService.swift */ = {isa = PBXFileReference; lastKnownFileType = sourcecode.swift; path = RecommendationsTastediveService.swift; sourceTree = "<group>"; };
		17840731224A0B6100F9D893 /* ArrayExtension.swift */ = {isa = PBXFileReference; lastKnownFileType = sourcecode.swift; path = ArrayExtension.swift; sourceTree = "<group>"; };
		17869A45224103F700165130 /* BookWyrm-Bridging-Header.h */ = {isa = PBXFileReference; lastKnownFileType = sourcecode.c.h; path = "BookWyrm-Bridging-Header.h"; sourceTree = "<group>"; };
		17869A482241066700165130 /* CriticReviewsObjectiveProtocols.m */ = {isa = PBXFileReference; lastKnownFileType = sourcecode.c.objc; path = CriticReviewsObjectiveProtocols.m; sourceTree = "<group>"; };
		17869A4A22410A3500165130 /* DetailsUITests.swift */ = {isa = PBXFileReference; lastKnownFileType = sourcecode.swift; path = DetailsUITests.swift; sourceTree = "<group>"; };
		17869A4C22410B4E00165130 /* DetailsAlamofireService.swift */ = {isa = PBXFileReference; lastKnownFileType = sourcecode.swift; path = DetailsAlamofireService.swift; sourceTree = "<group>"; };
		17869A4E22410B6900165130 /* DetailsOAuthswiftService.swift */ = {isa = PBXFileReference; lastKnownFileType = sourcecode.swift; path = DetailsOAuthswiftService.swift; sourceTree = "<group>"; };
		17869A50224134C800165130 /* Harry Potter and the Chamber of Secrets_Reviews.json */ = {isa = PBXFileReference; fileEncoding = 4; lastKnownFileType = text.json; path = "Harry Potter and the Chamber of Secrets_Reviews.json"; sourceTree = "<group>"; };
		17869A522241373A00165130 /* Reading Harry Potter_Reviews.json */ = {isa = PBXFileReference; fileEncoding = 4; lastKnownFileType = text.json; path = "Reading Harry Potter_Reviews.json"; sourceTree = "<group>"; };
		17869A5522413B5100165130 /* Book_List.xml */ = {isa = PBXFileReference; fileEncoding = 4; lastKnownFileType = text.xml; path = Book_List.xml; sourceTree = "<group>"; };
		179E2FB62248B5A500AA08F5 /* RecommendationsViewModel.swift */ = {isa = PBXFileReference; lastKnownFileType = sourcecode.swift; path = RecommendationsViewModel.swift; sourceTree = "<group>"; };
		179E2FB82248B5BE00AA08F5 /* RecommendationsRepository.swift */ = {isa = PBXFileReference; lastKnownFileType = sourcecode.swift; path = RecommendationsRepository.swift; sourceTree = "<group>"; };
		179E2FBB2248BAED00AA08F5 /* RecommendationsProtocols.swift */ = {isa = PBXFileReference; lastKnownFileType = sourcecode.swift; path = RecommendationsProtocols.swift; sourceTree = "<group>"; };
		179E2FBD2248C13D00AA08F5 /* RecommendationsGoodreadsService.swift */ = {isa = PBXFileReference; lastKnownFileType = sourcecode.swift; path = RecommendationsGoodreadsService.swift; sourceTree = "<group>"; };
		179E2FC02248D08000AA08F5 /* RecommendationsModel.swift */ = {isa = PBXFileReference; lastKnownFileType = sourcecode.swift; path = RecommendationsModel.swift; sourceTree = "<group>"; };
		179E2FC22249233B00AA08F5 /* RecommendationsViewModelTests.swift */ = {isa = PBXFileReference; lastKnownFileType = sourcecode.swift; path = RecommendationsViewModelTests.swift; sourceTree = "<group>"; };
		17A6E872222FA57F00450D8E /* RecommendationsViewController.swift */ = {isa = PBXFileReference; lastKnownFileType = sourcecode.swift; path = RecommendationsViewController.swift; sourceTree = "<group>"; };
		17AD8B29222E67D5005ECD96 /* ShelfModel.swift */ = {isa = PBXFileReference; lastKnownFileType = sourcecode.swift; path = ShelfModel.swift; sourceTree = "<group>"; };
		17AD8B30222E7160005ECD96 /* CriticReviewsViewModel.swift */ = {isa = PBXFileReference; lastKnownFileType = sourcecode.swift; path = CriticReviewsViewModel.swift; sourceTree = "<group>"; };
		17AD8B32222E7532005ECD96 /* CriticReviewsRepository.swift */ = {isa = PBXFileReference; lastKnownFileType = sourcecode.swift; path = CriticReviewsRepository.swift; sourceTree = "<group>"; };
		17AD8B34222E767A005ECD96 /* enumList.swift */ = {isa = PBXFileReference; lastKnownFileType = sourcecode.swift; path = enumList.swift; sourceTree = "<group>"; };
		17AD8B3C222E77F8005ECD96 /* MyReviewRepository.swift */ = {isa = PBXFileReference; lastKnownFileType = sourcecode.swift; path = MyReviewRepository.swift; sourceTree = "<group>"; };
		17AD8B3E222E781E005ECD96 /* MyReviewViewModel.swift */ = {isa = PBXFileReference; lastKnownFileType = sourcecode.swift; path = MyReviewViewModel.swift; sourceTree = "<group>"; };
		17B78CFF223FD12C008FB688 /* H_Result.json */ = {isa = PBXFileReference; fileEncoding = 4; lastKnownFileType = text.json; path = H_Result.json; sourceTree = "<group>"; };
		17B78D01223FD204008FB688 /* Harry P_Result.json */ = {isa = PBXFileReference; fileEncoding = 4; lastKnownFileType = text.json; path = "Harry P_Result.json"; sourceTree = "<group>"; };
		17B78D04223FD8E8008FB688 /* SearchAlamofireService.swift */ = {isa = PBXFileReference; lastKnownFileType = sourcecode.swift; path = SearchAlamofireService.swift; sourceTree = "<group>"; };
		17B78D07223FE6E3008FB688 /* Harry_Result.json */ = {isa = PBXFileReference; fileEncoding = 4; lastKnownFileType = text.json; path = Harry_Result.json; sourceTree = "<group>"; };
		17B78D08223FE6E3008FB688 /* Har_Result.json */ = {isa = PBXFileReference; fileEncoding = 4; lastKnownFileType = text.json; path = Har_Result.json; sourceTree = "<group>"; };
		17B78D0B223FE8AC008FB688 /* Harr_Result.json */ = {isa = PBXFileReference; fileEncoding = 4; lastKnownFileType = text.json; path = Harr_Result.json; sourceTree = "<group>"; };
		17BA3151221D4C1500D1A0AA /* BookWyrmTests.xctest */ = {isa = PBXFileReference; explicitFileType = wrapper.cfbundle; includeInIndex = 0; path = BookWyrmTests.xctest; sourceTree = BUILT_PRODUCTS_DIR; };
		17BA3155221D4C1500D1A0AA /* Info.plist */ = {isa = PBXFileReference; lastKnownFileType = text.plist.xml; path = Info.plist; sourceTree = "<group>"; };
		17BA7E502236430E00C24FBB /* MyReviewViewModelTests.swift */ = {isa = PBXFileReference; lastKnownFileType = sourcecode.swift; path = MyReviewViewModelTests.swift; sourceTree = "<group>"; };
		17BA7E5222365DB600C24FBB /* ShelfViewModelTests.swift */ = {isa = PBXFileReference; lastKnownFileType = sourcecode.swift; path = ShelfViewModelTests.swift; sourceTree = "<group>"; };
		17EAF864223A72F50053AF92 /* BookWyrmUITests.xctest */ = {isa = PBXFileReference; explicitFileType = wrapper.cfbundle; includeInIndex = 0; path = BookWyrmUITests.xctest; sourceTree = BUILT_PRODUCTS_DIR; };
		17EAF868223A72F50053AF92 /* Info.plist */ = {isa = PBXFileReference; lastKnownFileType = text.plist.xml; path = Info.plist; sourceTree = "<group>"; };
		17EAF870223A82700053AF92 /* SearchUITests.swift */ = {isa = PBXFileReference; lastKnownFileType = sourcecode.swift; path = SearchUITests.swift; sourceTree = "<group>"; };
		632393E0F72A80716BE9CCFE /* Pods-BookWyrmTests.debug.xcconfig */ = {isa = PBXFileReference; includeInIndex = 1; lastKnownFileType = text.xcconfig; name = "Pods-BookWyrmTests.debug.xcconfig"; path = "Pods/Target Support Files/Pods-BookWyrmTests/Pods-BookWyrmTests.debug.xcconfig"; sourceTree = "<group>"; };
		9BE49BEBCF86F952648FCFBE /* Pods-BookWyrm.release.xcconfig */ = {isa = PBXFileReference; includeInIndex = 1; lastKnownFileType = text.xcconfig; name = "Pods-BookWyrm.release.xcconfig"; path = "Pods/Target Support Files/Pods-BookWyrm/Pods-BookWyrm.release.xcconfig"; sourceTree = "<group>"; };
		D2992C13D0C344A700C3DDE8 /* Pods-BookWyrm.debug.xcconfig */ = {isa = PBXFileReference; includeInIndex = 1; lastKnownFileType = text.xcconfig; name = "Pods-BookWyrm.debug.xcconfig"; path = "Pods/Target Support Files/Pods-BookWyrm/Pods-BookWyrm.debug.xcconfig"; sourceTree = "<group>"; };
		E228E9460EAB5D4CCB57CD93 /* Pods_BookWyrm.framework */ = {isa = PBXFileReference; explicitFileType = wrapper.framework; includeInIndex = 0; path = Pods_BookWyrm.framework; sourceTree = BUILT_PRODUCTS_DIR; };
/* End PBXFileReference section */

/* Begin PBXFrameworksBuildPhase section */
		175FE7E3220C6D6E00616A5E /* Frameworks */ = {
			isa = PBXFrameworksBuildPhase;
			buildActionMask = 2147483647;
			files = (
				E81C5A79B30BC3AF7DBFCD46 /* Pods_BookWyrm.framework in Frameworks */,
			);
			runOnlyForDeploymentPostprocessing = 0;
		};
		17BA314E221D4C1500D1A0AA /* Frameworks */ = {
			isa = PBXFrameworksBuildPhase;
			buildActionMask = 2147483647;
			files = (
				4BAEA90A424DE8C49118995E /* Pods_BookWyrmTests.framework in Frameworks */,
			);
			runOnlyForDeploymentPostprocessing = 0;
		};
		17EAF861223A72F50053AF92 /* Frameworks */ = {
			isa = PBXFrameworksBuildPhase;
			buildActionMask = 2147483647;
			files = (
			);
			runOnlyForDeploymentPostprocessing = 0;
		};
/* End PBXFrameworksBuildPhase section */

/* Begin PBXGroup section */
		174D7D2A2230FCB2006B7945 /* Protocols */ = {
			isa = PBXGroup;
			children = (
				174D7D282230FCAE006B7945 /* ShelfProtocols.swift */,
			);
			path = Protocols;
			sourceTree = "<group>";
		};
		174D7D2B2230FD37006B7945 /* Protocols */ = {
			isa = PBXGroup;
			children = (
				174D7D2C2230FD4C006B7945 /* MyReviewProtocols.swift */,
			);
			path = Protocols;
			sourceTree = "<group>";
		};
		174D7D2E2230FD89006B7945 /* Protocols */ = {
			isa = PBXGroup;
			children = (
				174D7D2F2230FD9D006B7945 /* CriticReviewsProtocols.swift */,
				17869A45224103F700165130 /* BookWyrm-Bridging-Header.h */,
				17869A482241066700165130 /* CriticReviewsObjectiveProtocols.m */,
			);
			path = Protocols;
			sourceTree = "<group>";
		};
		174D7D312230FDDB006B7945 /* Protocols */ = {
			isa = PBXGroup;
			children = (
				174D7D322230FDEF006B7945 /* SearchProtocols.swift */,
			);
			path = Protocols;
			sourceTree = "<group>";
		};
		174D7D342230FE3E006B7945 /* Protocols */ = {
			isa = PBXGroup;
			children = (
				174D7D352230FE4E006B7945 /* DetailsProtocols.swift */,
			);
			path = Protocols;
			sourceTree = "<group>";
		};
		174F6632222D2ED200CFCBF1 /* Model */ = {
			isa = PBXGroup;
			children = (
				174F6633222D2EE200CFCBF1 /* DetailsModel.swift */,
			);
			path = Model;
			sourceTree = "<group>";
		};
		174F6637222D58E600CFCBF1 /* Extensions */ = {
			isa = PBXGroup;
			children = (
				174F6635222D58E200CFCBF1 /* ImageExtension.swift */,
				17840731224A0B6100F9D893 /* ArrayExtension.swift */,
			);
			path = Extensions;
			sourceTree = "<group>";
		};
		174F6638222D74AD00CFCBF1 /* View */ = {
			isa = PBXGroup;
			children = (
				175E3D90221BE37D001D9BF9 /* PlainShelfController.swift */,
			);
			path = View;
			sourceTree = "<group>";
		};
		174F6639222D74BB00CFCBF1 /* ViewModel */ = {
			isa = PBXGroup;
			children = (
				174F663C222D74EE00CFCBF1 /* ShelfViewModel.swift */,
			);
			path = ViewModel;
			sourceTree = "<group>";
		};
		174F663A222D74C300CFCBF1 /* Model */ = {
			isa = PBXGroup;
			children = (
				17AD8B29222E67D5005ECD96 /* ShelfModel.swift */,
			);
			path = Model;
			sourceTree = "<group>";
		};
		174F663B222D74CD00CFCBF1 /* Repository */ = {
			isa = PBXGroup;
			children = (
				174F663E222D763000CFCBF1 /* ShelfRepository.swift */,
			);
			path = Repository;
			sourceTree = "<group>";
		};
		175CAEA6222968D90076F272 /* ViewModel */ = {
			isa = PBXGroup;
			children = (
				174F6630222D04C600CFCBF1 /* DetailViewModel.swift */,
			);
			path = ViewModel;
			sourceTree = "<group>";
		};
		175CAEA7222968EA0076F272 /* View */ = {
			isa = PBXGroup;
			children = (
				175CAEA8222968F10076F272 /* ViewController */,
			);
			path = View;
			sourceTree = "<group>";
		};
		175CAEA8222968F10076F272 /* ViewController */ = {
			isa = PBXGroup;
			children = (
				1741A4792212FBD600031AB1 /* DetailViewController.swift */,
			);
			path = ViewController;
			sourceTree = "<group>";
		};
		175CAEA9222969090076F272 /* Repository */ = {
			isa = PBXGroup;
			children = (
				174F662C222D04A000CFCBF1 /* DetailRepository.swift */,
			);
			path = Repository;
			sourceTree = "<group>";
		};
		175FE7DD220C6D6E00616A5E = {
			isa = PBXGroup;
			children = (
				175FE7E8220C6D6E00616A5E /* BookWyrm */,
				17BA3152221D4C1500D1A0AA /* BookWyrmTests */,
				17EAF865223A72F50053AF92 /* BookWyrmUITests */,
				175FE7E7220C6D6E00616A5E /* Products */,
				844C552C5F871E130DB37407 /* Pods */,
				FF337497C496B0A5DFADFBDB /* Frameworks */,
			);
			sourceTree = "<group>";
		};
		175FE7E7220C6D6E00616A5E /* Products */ = {
			isa = PBXGroup;
			children = (
				175FE7E6220C6D6E00616A5E /* BookWyrm.app */,
				17BA3151221D4C1500D1A0AA /* BookWyrmTests.xctest */,
				17EAF864223A72F50053AF92 /* BookWyrmUITests.xctest */,
			);
			name = Products;
			sourceTree = "<group>";
		};
		175FE7E8220C6D6E00616A5E /* BookWyrm */ = {
			isa = PBXGroup;
			children = (
				17A6E86F222FA14500450D8E /* Recommendations */,
				1782F8AE2227FA9E00514AE1 /* Shelf */,
				1782F8AD2227FA4300514AE1 /* MyReview */,
				1782F8AC2227FA3A00514AE1 /* CriticReviews */,
				1782F8AB2227F9EC00514AE1 /* Common */,
				1782F8AA2227F9E200514AE1 /* Search */,
				1782F8A92227F9C100514AE1 /* BookDetails */,
				175FE7E9220C6D6E00616A5E /* AppDelegate.swift */,
				175FE7F0220C6D6E00616A5E /* Assets.xcassets */,
				175FE7F5220C6D6E00616A5E /* Info.plist */,
			);
			path = BookWyrm;
			sourceTree = "<group>";
		};
		176F20842237FF2900E54702 /* ViewModelTests */ = {
			isa = PBXGroup;
			children = (
				174D7D3722316846006B7945 /* CriticReviewViewModelTests.swift */,
				17BA7E502236430E00C24FBB /* MyReviewViewModelTests.swift */,
				17BA7E5222365DB600C24FBB /* ShelfViewModelTests.swift */,
				176F20822237959E00E54702 /* SearchViewModelTests.swift */,
				176F2085223801C500E54702 /* DetailViewModelTests.swift */,
				179E2FC22249233B00AA08F5 /* RecommendationsViewModelTests.swift */,
			);
			path = ViewModelTests;
			sourceTree = "<group>";
		};
		1782F8A92227F9C100514AE1 /* BookDetails */ = {
			isa = PBXGroup;
			children = (
				17869A542241374B00165130 /* Fake Data */,
				17869A442240F94B00165130 /* Services */,
				174D7D342230FE3E006B7945 /* Protocols */,
				174F6632222D2ED200CFCBF1 /* Model */,
				175CAEA9222969090076F272 /* Repository */,
				175CAEA7222968EA0076F272 /* View */,
				175CAEA6222968D90076F272 /* ViewModel */,
			);
			path = BookDetails;
			sourceTree = "<group>";
		};
		1782F8AA2227F9E200514AE1 /* Search */ = {
			isa = PBXGroup;
			children = (
				17B78D06223FE600008FB688 /* Fake Jsons */,
				17B78D03223FD831008FB688 /* Services */,
				174D7D312230FDDB006B7945 /* Protocols */,
				1782F8B92228161E00514AE1 /* Repository */,
				1782F8B3222815AC00514AE1 /* ViewModel */,
				1782F8B22228159A00514AE1 /* Model */,
				1782F8B12228159300514AE1 /* View */,
			);
			path = Search;
			sourceTree = "<group>";
		};
		1782F8AB2227F9EC00514AE1 /* Common */ = {
			isa = PBXGroup;
			children = (
				17AD8B36222E7708005ECD96 /* Storyboards */,
				174F6637222D58E600CFCBF1 /* Extensions */,
				175F9F832216A2B8001F52EB /* ThemeManager.swift */,
				17AD8B34222E767A005ECD96 /* enumList.swift */,
			);
			path = Common;
			sourceTree = "<group>";
		};
		1782F8AC2227FA3A00514AE1 /* CriticReviews */ = {
			isa = PBXGroup;
			children = (
				174D7D2E2230FD89006B7945 /* Protocols */,
				17AD8B2D222E7113005ECD96 /* Repository */,
				17AD8B2C222E710D005ECD96 /* ViewModel */,
				17AD8B2B222E7103005ECD96 /* View */,
			);
			path = CriticReviews;
			sourceTree = "<group>";
		};
		1782F8AD2227FA4300514AE1 /* MyReview */ = {
			isa = PBXGroup;
			children = (
				174D7D2B2230FD37006B7945 /* Protocols */,
				17AD8B3B222E7783005ECD96 /* Repository */,
				17AD8B3A222E777C005ECD96 /* ViewModel */,
				17AD8B37222E774B005ECD96 /* View */,
			);
			path = MyReview;
			sourceTree = "<group>";
		};
		1782F8AE2227FA9E00514AE1 /* Shelf */ = {
			isa = PBXGroup;
			children = (
				174D7D2A2230FCB2006B7945 /* Protocols */,
				174F663B222D74CD00CFCBF1 /* Repository */,
				174F663A222D74C300CFCBF1 /* Model */,
				174F6639222D74BB00CFCBF1 /* ViewModel */,
				174F6638222D74AD00CFCBF1 /* View */,
			);
			path = Shelf;
			sourceTree = "<group>";
		};
		1782F8B12228159300514AE1 /* View */ = {
			isa = PBXGroup;
			children = (
				1782F8B5222815E300514AE1 /* CustomView */,
				1782F8B4222815BA00514AE1 /* ViewController */,
			);
			path = View;
			sourceTree = "<group>";
		};
		1782F8B22228159A00514AE1 /* Model */ = {
			isa = PBXGroup;
			children = (
				1782F8B72228161300514AE1 /* SearchModel.swift */,
			);
			path = Model;
			sourceTree = "<group>";
		};
		1782F8B3222815AC00514AE1 /* ViewModel */ = {
			isa = PBXGroup;
			children = (
				1782F8AF2228158C00514AE1 /* SearchViewModel.swift */,
			);
			path = ViewModel;
			sourceTree = "<group>";
		};
		1782F8B4222815BA00514AE1 /* ViewController */ = {
			isa = PBXGroup;
			children = (
				1741A47D2212FD9600031AB1 /* SearchResultsTableViewController.swift */,
			);
			path = ViewController;
			sourceTree = "<group>";
		};
		1782F8B5222815E300514AE1 /* CustomView */ = {
			isa = PBXGroup;
			children = (
				1741A47F2212FDB300031AB1 /* CustomTableViewCell.swift */,
			);
			path = CustomView;
			sourceTree = "<group>";
		};
		1782F8B92228161E00514AE1 /* Repository */ = {
			isa = PBXGroup;
			children = (
				1782F8BA2228163C00514AE1 /* SearchRepository.swift */,
			);
			path = Repository;
			sourceTree = "<group>";
		};
		17869A442240F94B00165130 /* Services */ = {
			isa = PBXGroup;
			children = (
				17869A4C22410B4E00165130 /* DetailsAlamofireService.swift */,
				17869A4E22410B6900165130 /* DetailsOAuthswiftService.swift */,
			);
			path = Services;
			sourceTree = "<group>";
		};
		17869A542241374B00165130 /* Fake Data */ = {
			isa = PBXGroup;
			children = (
				1778FD5422421C0F00717ACA /* Harry Potter and the Chamber of Secrets_Results.xml */,
				1778FD502242116C00717ACA /* Reading Harry Potter_Results.xml */,
				17869A5522413B5100165130 /* Book_List.xml */,
				17869A50224134C800165130 /* Harry Potter and the Chamber of Secrets_Reviews.json */,
				17869A522241373A00165130 /* Reading Harry Potter_Reviews.json */,
			);
			path = "Fake Data";
			sourceTree = "<group>";
		};
		179E2FB32248B56200AA08F5 /* ViewModel */ = {
			isa = PBXGroup;
			children = (
				179E2FB62248B5A500AA08F5 /* RecommendationsViewModel.swift */,
			);
			path = ViewModel;
			sourceTree = "<group>";
		};
		179E2FB42248B56C00AA08F5 /* Repository */ = {
			isa = PBXGroup;
			children = (
				179E2FB82248B5BE00AA08F5 /* RecommendationsRepository.swift */,
			);
			path = Repository;
			sourceTree = "<group>";
		};
		179E2FB52248B57700AA08F5 /* Services */ = {
			isa = PBXGroup;
			children = (
				179E2FBD2248C13D00AA08F5 /* RecommendationsGoodreadsService.swift */,
				1784072F224A074100F9D893 /* RecommendationsTastediveService.swift */,
			);
			path = Services;
			sourceTree = "<group>";
		};
		179E2FBA2248B5C400AA08F5 /* Protocols */ = {
			isa = PBXGroup;
			children = (
				179E2FBB2248BAED00AA08F5 /* RecommendationsProtocols.swift */,
			);
			path = Protocols;
			sourceTree = "<group>";
		};
		179E2FBF2248D06000AA08F5 /* Models */ = {
			isa = PBXGroup;
			children = (
				179E2FC02248D08000AA08F5 /* RecommendationsModel.swift */,
				170CAC5D224A4AE900183093 /* RecommendedBooksModel.swift */,
			);
			path = Models;
			sourceTree = "<group>";
		};
		17A6E86F222FA14500450D8E /* Recommendations */ = {
			isa = PBXGroup;
			children = (
				179E2FBF2248D06000AA08F5 /* Models */,
				179E2FBA2248B5C400AA08F5 /* Protocols */,
				179E2FB52248B57700AA08F5 /* Services */,
				179E2FB42248B56C00AA08F5 /* Repository */,
				179E2FB32248B56200AA08F5 /* ViewModel */,
				17A6E870222FA53500450D8E /* View */,
			);
			path = Recommendations;
			sourceTree = "<group>";
		};
		17A6E870222FA53500450D8E /* View */ = {
			isa = PBXGroup;
			children = (
				17A6E872222FA57F00450D8E /* RecommendationsViewController.swift */,
				170CAC5F224A58D000183093 /* CustomCollectionViewCell.swift */,
			);
			path = View;
			sourceTree = "<group>";
		};
		17AD8B2B222E7103005ECD96 /* View */ = {
			isa = PBXGroup;
			children = (
				17AD8B2F222E7142005ECD96 /* ViewController */,
				17AD8B2E222E712C005ECD96 /* CustomView */,
			);
			path = View;
			sourceTree = "<group>";
		};
		17AD8B2C222E710D005ECD96 /* ViewModel */ = {
			isa = PBXGroup;
			children = (
				17AD8B30222E7160005ECD96 /* CriticReviewsViewModel.swift */,
			);
			path = ViewModel;
			sourceTree = "<group>";
		};
		17AD8B2D222E7113005ECD96 /* Repository */ = {
			isa = PBXGroup;
			children = (
				17AD8B32222E7532005ECD96 /* CriticReviewsRepository.swift */,
			);
			path = Repository;
			sourceTree = "<group>";
		};
		17AD8B2E222E712C005ECD96 /* CustomView */ = {
			isa = PBXGroup;
			children = (
				175F9F892216BAC6001F52EB /* ReviewsTableViewCell.swift */,
			);
			path = CustomView;
			sourceTree = "<group>";
		};
		17AD8B2F222E7142005ECD96 /* ViewController */ = {
			isa = PBXGroup;
			children = (
				175F9F852216B718001F52EB /* ReviewsTableViewController.swift */,
			);
			path = ViewController;
			sourceTree = "<group>";
		};
		17AD8B36222E7708005ECD96 /* Storyboards */ = {
			isa = PBXGroup;
			children = (
				175FE7F2220C6D6E00616A5E /* LaunchScreen.storyboard */,
				175FE7ED220C6D6E00616A5E /* Main.storyboard */,
			);
			path = Storyboards;
			sourceTree = "<group>";
		};
		17AD8B37222E774B005ECD96 /* View */ = {
			isa = PBXGroup;
			children = (
				17AD8B39222E7772005ECD96 /* ViewController */,
				17AD8B38222E7761005ECD96 /* ViewElements */,
			);
			path = View;
			sourceTree = "<group>";
		};
		17AD8B38222E7761005ECD96 /* ViewElements */ = {
			isa = PBXGroup;
			children = (
				174010332223EC5D0083350B /* CosmosDistrib.swift */,
			);
			path = ViewElements;
			sourceTree = "<group>";
		};
		17AD8B39222E7772005ECD96 /* ViewController */ = {
			isa = PBXGroup;
			children = (
				174010312223E74A0083350B /* MyReviewViewController.swift */,
			);
			path = ViewController;
			sourceTree = "<group>";
		};
		17AD8B3A222E777C005ECD96 /* ViewModel */ = {
			isa = PBXGroup;
			children = (
				17AD8B3E222E781E005ECD96 /* MyReviewViewModel.swift */,
			);
			path = ViewModel;
			sourceTree = "<group>";
		};
		17AD8B3B222E7783005ECD96 /* Repository */ = {
			isa = PBXGroup;
			children = (
				17AD8B3C222E77F8005ECD96 /* MyReviewRepository.swift */,
			);
			path = Repository;
			sourceTree = "<group>";
		};
		17B78D03223FD831008FB688 /* Services */ = {
			isa = PBXGroup;
			children = (
				17B78D04223FD8E8008FB688 /* SearchAlamofireService.swift */,
			);
			path = Services;
			sourceTree = "<group>";
		};
		17B78D06223FE600008FB688 /* Fake Jsons */ = {
			isa = PBXGroup;
			children = (
				1778FD522242170100717ACA /* Harry Potter and the chamber_Result.json */,
				17B78D0B223FE8AC008FB688 /* Harr_Result.json */,
				17B78D08223FE6E3008FB688 /* Har_Result.json */,
				17B78D07223FE6E3008FB688 /* Harry_Result.json */,
				17B78D01223FD204008FB688 /* Harry P_Result.json */,
				17B78CFF223FD12C008FB688 /* H_Result.json */,
			);
			path = "Fake Jsons";
			sourceTree = "<group>";
		};
		17BA3152221D4C1500D1A0AA /* BookWyrmTests */ = {
			isa = PBXGroup;
			children = (
				176F20842237FF2900E54702 /* ViewModelTests */,
				17BA3155221D4C1500D1A0AA /* Info.plist */,
			);
			path = BookWyrmTests;
			sourceTree = "<group>";
		};
		17EAF865223A72F50053AF92 /* BookWyrmUITests */ = {
			isa = PBXGroup;
			children = (
				17EAF868223A72F50053AF92 /* Info.plist */,
				17EAF870223A82700053AF92 /* SearchUITests.swift */,
				17869A4A22410A3500165130 /* DetailsUITests.swift */,
			);
			path = BookWyrmUITests;
			sourceTree = "<group>";
		};
		844C552C5F871E130DB37407 /* Pods */ = {
			isa = PBXGroup;
			children = (
				D2992C13D0C344A700C3DDE8 /* Pods-BookWyrm.debug.xcconfig */,
				9BE49BEBCF86F952648FCFBE /* Pods-BookWyrm.release.xcconfig */,
				632393E0F72A80716BE9CCFE /* Pods-BookWyrmTests.debug.xcconfig */,
				0C5FB736401D31794089D1C7 /* Pods-BookWyrmTests.release.xcconfig */,
			);
			name = Pods;
			sourceTree = "<group>";
		};
		FF337497C496B0A5DFADFBDB /* Frameworks */ = {
			isa = PBXGroup;
			children = (
				E228E9460EAB5D4CCB57CD93 /* Pods_BookWyrm.framework */,
				0F6DB4995E5B3861235694D4 /* Pods_BookWyrmTests.framework */,
			);
			name = Frameworks;
			sourceTree = "<group>";
		};
/* End PBXGroup section */

/* Begin PBXNativeTarget section */
		175FE7E5220C6D6E00616A5E /* BookWyrm */ = {
			isa = PBXNativeTarget;
			buildConfigurationList = 175FE7F8220C6D6E00616A5E /* Build configuration list for PBXNativeTarget "BookWyrm" */;
			buildPhases = (
				C1B9EE7DC525BE705B503127 /* [CP] Check Pods Manifest.lock */,
				175FE7E2220C6D6E00616A5E /* Sources */,
				175FE7E3220C6D6E00616A5E /* Frameworks */,
				175FE7E4220C6D6E00616A5E /* Resources */,
				22D896BDD23617B2CC65E1B5 /* [CP] Embed Pods Frameworks */,
			);
			buildRules = (
			);
			dependencies = (
			);
			name = BookWyrm;
			productName = BookWyrm;
			productReference = 175FE7E6220C6D6E00616A5E /* BookWyrm.app */;
			productType = "com.apple.product-type.application";
		};
		17BA3150221D4C1500D1A0AA /* BookWyrmTests */ = {
			isa = PBXNativeTarget;
			buildConfigurationList = 17BA315A221D4C1500D1A0AA /* Build configuration list for PBXNativeTarget "BookWyrmTests" */;
			buildPhases = (
				8D5D88D4C113D484D4EB160B /* [CP] Check Pods Manifest.lock */,
				17BA314D221D4C1500D1A0AA /* Sources */,
				17BA314E221D4C1500D1A0AA /* Frameworks */,
				17BA314F221D4C1500D1A0AA /* Resources */,
				AE6407B7EBEAD6039F8BF0AB /* [CP] Embed Pods Frameworks */,
			);
			buildRules = (
			);
			dependencies = (
				17BA3157221D4C1500D1A0AA /* PBXTargetDependency */,
			);
			name = BookWyrmTests;
			productName = BookWyrmTests;
			productReference = 17BA3151221D4C1500D1A0AA /* BookWyrmTests.xctest */;
			productType = "com.apple.product-type.bundle.unit-test";
		};
		17EAF863223A72F50053AF92 /* BookWyrmUITests */ = {
			isa = PBXNativeTarget;
			buildConfigurationList = 17EAF86D223A72F50053AF92 /* Build configuration list for PBXNativeTarget "BookWyrmUITests" */;
			buildPhases = (
				17EAF860223A72F50053AF92 /* Sources */,
				17EAF861223A72F50053AF92 /* Frameworks */,
				17EAF862223A72F50053AF92 /* Resources */,
			);
			buildRules = (
			);
			dependencies = (
				17EAF86A223A72F50053AF92 /* PBXTargetDependency */,
			);
			name = BookWyrmUITests;
			productName = BookWyrmUITests;
			productReference = 17EAF864223A72F50053AF92 /* BookWyrmUITests.xctest */;
			productType = "com.apple.product-type.bundle.ui-testing";
		};
/* End PBXNativeTarget section */

/* Begin PBXProject section */
		175FE7DE220C6D6E00616A5E /* Project object */ = {
			isa = PBXProject;
			attributes = {
				LastSwiftUpdateCheck = 1010;
				LastUpgradeCheck = 1010;
				ORGANIZATIONNAME = DVT;
				TargetAttributes = {
					175FE7E5220C6D6E00616A5E = {
						CreatedOnToolsVersion = 10.1;
						LastSwiftMigration = 1010;
					};
					17BA3150221D4C1500D1A0AA = {
						CreatedOnToolsVersion = 10.1;
						TestTargetID = 175FE7E5220C6D6E00616A5E;
					};
					17EAF863223A72F50053AF92 = {
						CreatedOnToolsVersion = 10.1;
						TestTargetID = 175FE7E5220C6D6E00616A5E;
					};
				};
			};
			buildConfigurationList = 175FE7E1220C6D6E00616A5E /* Build configuration list for PBXProject "BookWyrm" */;
			compatibilityVersion = "Xcode 9.3";
			developmentRegion = en;
			hasScannedForEncodings = 0;
			knownRegions = (
				en,
				Base,
			);
			mainGroup = 175FE7DD220C6D6E00616A5E;
			productRefGroup = 175FE7E7220C6D6E00616A5E /* Products */;
			projectDirPath = "";
			projectRoot = "";
			targets = (
				175FE7E5220C6D6E00616A5E /* BookWyrm */,
				17BA3150221D4C1500D1A0AA /* BookWyrmTests */,
				17EAF863223A72F50053AF92 /* BookWyrmUITests */,
			);
		};
/* End PBXProject section */

/* Begin PBXResourcesBuildPhase section */
		175FE7E4220C6D6E00616A5E /* Resources */ = {
			isa = PBXResourcesBuildPhase;
			buildActionMask = 2147483647;
			files = (
				175FE7F4220C6D6E00616A5E /* LaunchScreen.storyboard in Resources */,
				175FE7F1220C6D6E00616A5E /* Assets.xcassets in Resources */,
				1778FD5522421C0F00717ACA /* Harry Potter and the Chamber of Secrets_Results.xml in Resources */,
				17B78D0A223FE6E3008FB688 /* Har_Result.json in Resources */,
				17B78D0C223FE8AC008FB688 /* Harr_Result.json in Resources */,
				17869A51224134C800165130 /* Harry Potter and the Chamber of Secrets_Reviews.json in Resources */,
				1778FD512242116C00717ACA /* Reading Harry Potter_Results.xml in Resources */,
				175FE7EF220C6D6E00616A5E /* Main.storyboard in Resources */,
				1778FD532242170100717ACA /* Harry Potter and the chamber_Result.json in Resources */,
				17B78D02223FD204008FB688 /* Harry P_Result.json in Resources */,
				17869A532241373A00165130 /* Reading Harry Potter_Reviews.json in Resources */,
				17B78D00223FD12C008FB688 /* H_Result.json in Resources */,
				17B78D09223FE6E3008FB688 /* Harry_Result.json in Resources */,
				17869A5622413B5100165130 /* Book_List.xml in Resources */,
			);
			runOnlyForDeploymentPostprocessing = 0;
		};
		17BA314F221D4C1500D1A0AA /* Resources */ = {
			isa = PBXResourcesBuildPhase;
			buildActionMask = 2147483647;
			files = (
			);
			runOnlyForDeploymentPostprocessing = 0;
		};
		17EAF862223A72F50053AF92 /* Resources */ = {
			isa = PBXResourcesBuildPhase;
			buildActionMask = 2147483647;
			files = (
			);
			runOnlyForDeploymentPostprocessing = 0;
		};
/* End PBXResourcesBuildPhase section */

/* Begin PBXShellScriptBuildPhase section */
		22D896BDD23617B2CC65E1B5 /* [CP] Embed Pods Frameworks */ = {
			isa = PBXShellScriptBuildPhase;
			buildActionMask = 2147483647;
			files = (
			);
			inputFileListPaths = (
			);
			inputPaths = (
				"${SRCROOT}/Pods/Target Support Files/Pods-BookWyrm/Pods-BookWyrm-frameworks.sh",
				"${BUILT_PRODUCTS_DIR}/Alamofire/Alamofire.framework",
				"${BUILT_PRODUCTS_DIR}/AlamofireImage/AlamofireImage.framework",
				"${BUILT_PRODUCTS_DIR}/Kingfisher/Kingfisher.framework",
				"${BUILT_PRODUCTS_DIR}/NewPopMenu/PopMenu.framework",
				"${BUILT_PRODUCTS_DIR}/OAuthSwift/OAuthSwift.framework",
				"${BUILT_PRODUCTS_DIR}/SWXMLHash/SWXMLHash.framework",
				"${BUILT_PRODUCTS_DIR}/ShelfView/ShelfView.framework",
				"${BUILT_PRODUCTS_DIR}/SwiftyJSON/SwiftyJSON.framework",
			);
			name = "[CP] Embed Pods Frameworks";
			outputFileListPaths = (
			);
			outputPaths = (
				"${TARGET_BUILD_DIR}/${FRAMEWORKS_FOLDER_PATH}/Alamofire.framework",
				"${TARGET_BUILD_DIR}/${FRAMEWORKS_FOLDER_PATH}/AlamofireImage.framework",
				"${TARGET_BUILD_DIR}/${FRAMEWORKS_FOLDER_PATH}/Kingfisher.framework",
				"${TARGET_BUILD_DIR}/${FRAMEWORKS_FOLDER_PATH}/PopMenu.framework",
				"${TARGET_BUILD_DIR}/${FRAMEWORKS_FOLDER_PATH}/OAuthSwift.framework",
				"${TARGET_BUILD_DIR}/${FRAMEWORKS_FOLDER_PATH}/SWXMLHash.framework",
				"${TARGET_BUILD_DIR}/${FRAMEWORKS_FOLDER_PATH}/ShelfView.framework",
				"${TARGET_BUILD_DIR}/${FRAMEWORKS_FOLDER_PATH}/SwiftyJSON.framework",
			);
			runOnlyForDeploymentPostprocessing = 0;
			shellPath = /bin/sh;
			shellScript = "\"${SRCROOT}/Pods/Target Support Files/Pods-BookWyrm/Pods-BookWyrm-frameworks.sh\"\n";
			showEnvVarsInLog = 0;
		};
		8D5D88D4C113D484D4EB160B /* [CP] Check Pods Manifest.lock */ = {
			isa = PBXShellScriptBuildPhase;
			buildActionMask = 2147483647;
			files = (
			);
			inputFileListPaths = (
			);
			inputPaths = (
				"${PODS_PODFILE_DIR_PATH}/Podfile.lock",
				"${PODS_ROOT}/Manifest.lock",
			);
			name = "[CP] Check Pods Manifest.lock";
			outputFileListPaths = (
			);
			outputPaths = (
				"$(DERIVED_FILE_DIR)/Pods-BookWyrmTests-checkManifestLockResult.txt",
			);
			runOnlyForDeploymentPostprocessing = 0;
			shellPath = /bin/sh;
			shellScript = "diff \"${PODS_PODFILE_DIR_PATH}/Podfile.lock\" \"${PODS_ROOT}/Manifest.lock\" > /dev/null\nif [ $? != 0 ] ; then\n    # print error to STDERR\n    echo \"error: The sandbox is not in sync with the Podfile.lock. Run 'pod install' or update your CocoaPods installation.\" >&2\n    exit 1\nfi\n# This output is used by Xcode 'outputs' to avoid re-running this script phase.\necho \"SUCCESS\" > \"${SCRIPT_OUTPUT_FILE_0}\"\n";
			showEnvVarsInLog = 0;
		};
		AE6407B7EBEAD6039F8BF0AB /* [CP] Embed Pods Frameworks */ = {
			isa = PBXShellScriptBuildPhase;
			buildActionMask = 2147483647;
			files = (
			);
			inputFileListPaths = (
			);
			inputPaths = (
				"${SRCROOT}/Pods/Target Support Files/Pods-BookWyrmTests/Pods-BookWyrmTests-frameworks.sh",
				"${BUILT_PRODUCTS_DIR}/Kingfisher/Kingfisher.framework",
				"${BUILT_PRODUCTS_DIR}/ShelfView/ShelfView.framework",
			);
			name = "[CP] Embed Pods Frameworks";
			outputFileListPaths = (
			);
			outputPaths = (
				"${TARGET_BUILD_DIR}/${FRAMEWORKS_FOLDER_PATH}/Kingfisher.framework",
				"${TARGET_BUILD_DIR}/${FRAMEWORKS_FOLDER_PATH}/ShelfView.framework",
			);
			runOnlyForDeploymentPostprocessing = 0;
			shellPath = /bin/sh;
			shellScript = "\"${SRCROOT}/Pods/Target Support Files/Pods-BookWyrmTests/Pods-BookWyrmTests-frameworks.sh\"\n";
			showEnvVarsInLog = 0;
		};
		C1B9EE7DC525BE705B503127 /* [CP] Check Pods Manifest.lock */ = {
			isa = PBXShellScriptBuildPhase;
			buildActionMask = 2147483647;
			files = (
			);
			inputFileListPaths = (
			);
			inputPaths = (
				"${PODS_PODFILE_DIR_PATH}/Podfile.lock",
				"${PODS_ROOT}/Manifest.lock",
			);
			name = "[CP] Check Pods Manifest.lock";
			outputFileListPaths = (
			);
			outputPaths = (
				"$(DERIVED_FILE_DIR)/Pods-BookWyrm-checkManifestLockResult.txt",
			);
			runOnlyForDeploymentPostprocessing = 0;
			shellPath = /bin/sh;
			shellScript = "diff \"${PODS_PODFILE_DIR_PATH}/Podfile.lock\" \"${PODS_ROOT}/Manifest.lock\" > /dev/null\nif [ $? != 0 ] ; then\n    # print error to STDERR\n    echo \"error: The sandbox is not in sync with the Podfile.lock. Run 'pod install' or update your CocoaPods installation.\" >&2\n    exit 1\nfi\n# This output is used by Xcode 'outputs' to avoid re-running this script phase.\necho \"SUCCESS\" > \"${SCRIPT_OUTPUT_FILE_0}\"\n";
			showEnvVarsInLog = 0;
		};
/* End PBXShellScriptBuildPhase section */

/* Begin PBXSourcesBuildPhase section */
		175FE7E2220C6D6E00616A5E /* Sources */ = {
			isa = PBXSourcesBuildPhase;
			buildActionMask = 2147483647;
			files = (
				17869A4F22410B6900165130 /* DetailsOAuthswiftService.swift in Sources */,
				17AD8B3F222E781E005ECD96 /* MyReviewViewModel.swift in Sources */,
				174D7D302230FD9D006B7945 /* CriticReviewsProtocols.swift in Sources */,
				174F6631222D04C600CFCBF1 /* DetailViewModel.swift in Sources */,
				1782F8B82228161300514AE1 /* SearchModel.swift in Sources */,
				179E2FBE2248C13D00AA08F5 /* RecommendationsGoodreadsService.swift in Sources */,
				174F663F222D763000CFCBF1 /* ShelfRepository.swift in Sources */,
				1741A47E2212FD9600031AB1 /* SearchResultsTableViewController.swift in Sources */,
				179E2FBC2248BAED00AA08F5 /* RecommendationsProtocols.swift in Sources */,
				170CAC60224A58D000183093 /* CustomCollectionViewCell.swift in Sources */,
				174D7D292230FCAE006B7945 /* ShelfProtocols.swift in Sources */,
				17AD8B3D222E77F8005ECD96 /* MyReviewRepository.swift in Sources */,
				17AD8B33222E7532005ECD96 /* CriticReviewsRepository.swift in Sources */,
				17840730224A074100F9D893 /* RecommendationsTastediveService.swift in Sources */,
				174F6634222D2EE200CFCBF1 /* DetailsModel.swift in Sources */,
				175E3D91221BE37D001D9BF9 /* PlainShelfController.swift in Sources */,
				174010322223E74A0083350B /* MyReviewViewController.swift in Sources */,
				174D7D2D2230FD4C006B7945 /* MyReviewProtocols.swift in Sources */,
				17AD8B2A222E67D5005ECD96 /* ShelfModel.swift in Sources */,
				17B78D05223FD8E8008FB688 /* SearchAlamofireService.swift in Sources */,
				170CAC5E224A4AE900183093 /* RecommendedBooksModel.swift in Sources */,
				1741A4802212FDB300031AB1 /* CustomTableViewCell.swift in Sources */,
				174F6636222D58E200CFCBF1 /* ImageExtension.swift in Sources */,
				17869A4D22410B4E00165130 /* DetailsAlamofireService.swift in Sources */,
				17AD8B31222E7160005ECD96 /* CriticReviewsViewModel.swift in Sources */,
				17869A492241066700165130 /* CriticReviewsObjectiveProtocols.m in Sources */,
				175F9F862216B718001F52EB /* ReviewsTableViewController.swift in Sources */,
				174F663D222D74EE00CFCBF1 /* ShelfViewModel.swift in Sources */,
				1782F8B02228158C00514AE1 /* SearchViewModel.swift in Sources */,
				1741A47A2212FBD600031AB1 /* DetailViewController.swift in Sources */,
				174D7D332230FDEF006B7945 /* SearchProtocols.swift in Sources */,
				179E2FB92248B5BE00AA08F5 /* RecommendationsRepository.swift in Sources */,
				174F662D222D04A000CFCBF1 /* DetailRepository.swift in Sources */,
				17AD8B35222E767A005ECD96 /* enumList.swift in Sources */,
				175F9F8A2216BAC6001F52EB /* ReviewsTableViewCell.swift in Sources */,
				179E2FB72248B5A500AA08F5 /* RecommendationsViewModel.swift in Sources */,
				175FE7EA220C6D6E00616A5E /* AppDelegate.swift in Sources */,
				1782F8BB2228163C00514AE1 /* SearchRepository.swift in Sources */,
				174D7D362230FE4E006B7945 /* DetailsProtocols.swift in Sources */,
				175F9F842216A2B8001F52EB /* ThemeManager.swift in Sources */,
				174010342223EC5D0083350B /* CosmosDistrib.swift in Sources */,
				17840732224A0B6100F9D893 /* ArrayExtension.swift in Sources */,
				179E2FC12248D08000AA08F5 /* RecommendationsModel.swift in Sources */,
				17A6E873222FA57F00450D8E /* RecommendationsViewController.swift in Sources */,
			);
			runOnlyForDeploymentPostprocessing = 0;
		};
		17BA314D221D4C1500D1A0AA /* Sources */ = {
			isa = PBXSourcesBuildPhase;
			buildActionMask = 2147483647;
			files = (
				17BA7E512236430E00C24FBB /* MyReviewViewModelTests.swift in Sources */,
				176F2086223801C500E54702 /* DetailViewModelTests.swift in Sources */,
				174D7D3822316846006B7945 /* CriticReviewViewModelTests.swift in Sources */,
				179E2FC32249233B00AA08F5 /* RecommendationsViewModelTests.swift in Sources */,
				176F20832237959E00E54702 /* SearchViewModelTests.swift in Sources */,
				17BA7E5322365DB600C24FBB /* ShelfViewModelTests.swift in Sources */,
			);
			runOnlyForDeploymentPostprocessing = 0;
		};
		17EAF860223A72F50053AF92 /* Sources */ = {
			isa = PBXSourcesBuildPhase;
			buildActionMask = 2147483647;
			files = (
				17869A4B22410A3500165130 /* DetailsUITests.swift in Sources */,
				17EAF871223A82700053AF92 /* SearchUITests.swift in Sources */,
			);
			runOnlyForDeploymentPostprocessing = 0;
		};
/* End PBXSourcesBuildPhase section */

/* Begin PBXTargetDependency section */
		17BA3157221D4C1500D1A0AA /* PBXTargetDependency */ = {
			isa = PBXTargetDependency;
			target = 175FE7E5220C6D6E00616A5E /* BookWyrm */;
			targetProxy = 17BA3156221D4C1500D1A0AA /* PBXContainerItemProxy */;
		};
		17EAF86A223A72F50053AF92 /* PBXTargetDependency */ = {
			isa = PBXTargetDependency;
			target = 175FE7E5220C6D6E00616A5E /* BookWyrm */;
			targetProxy = 17EAF869223A72F50053AF92 /* PBXContainerItemProxy */;
		};
/* End PBXTargetDependency section */

/* Begin PBXVariantGroup section */
		175FE7ED220C6D6E00616A5E /* Main.storyboard */ = {
			isa = PBXVariantGroup;
			children = (
				175FE7EE220C6D6E00616A5E /* Base */,
			);
			name = Main.storyboard;
			sourceTree = "<group>";
		};
		175FE7F2220C6D6E00616A5E /* LaunchScreen.storyboard */ = {
			isa = PBXVariantGroup;
			children = (
				175FE7F3220C6D6E00616A5E /* Base */,
			);
			name = LaunchScreen.storyboard;
			sourceTree = "<group>";
		};
/* End PBXVariantGroup section */

/* Begin XCBuildConfiguration section */
		175FE7F6220C6D6E00616A5E /* Debug */ = {
			isa = XCBuildConfiguration;
			buildSettings = {
				ALWAYS_SEARCH_USER_PATHS = NO;
				CLANG_ANALYZER_NONNULL = YES;
				CLANG_ANALYZER_NUMBER_OBJECT_CONVERSION = YES_AGGRESSIVE;
				CLANG_CXX_LANGUAGE_STANDARD = "gnu++14";
				CLANG_CXX_LIBRARY = "libc++";
				CLANG_ENABLE_MODULES = YES;
				CLANG_ENABLE_OBJC_ARC = YES;
				CLANG_ENABLE_OBJC_WEAK = YES;
				CLANG_WARN_BLOCK_CAPTURE_AUTORELEASING = YES;
				CLANG_WARN_BOOL_CONVERSION = YES;
				CLANG_WARN_COMMA = YES;
				CLANG_WARN_CONSTANT_CONVERSION = YES;
				CLANG_WARN_DEPRECATED_OBJC_IMPLEMENTATIONS = YES;
				CLANG_WARN_DIRECT_OBJC_ISA_USAGE = YES_ERROR;
				CLANG_WARN_DOCUMENTATION_COMMENTS = YES;
				CLANG_WARN_EMPTY_BODY = YES;
				CLANG_WARN_ENUM_CONVERSION = YES;
				CLANG_WARN_INFINITE_RECURSION = YES;
				CLANG_WARN_INT_CONVERSION = YES;
				CLANG_WARN_NON_LITERAL_NULL_CONVERSION = YES;
				CLANG_WARN_OBJC_IMPLICIT_RETAIN_SELF = YES;
				CLANG_WARN_OBJC_LITERAL_CONVERSION = YES;
				CLANG_WARN_OBJC_ROOT_CLASS = YES_ERROR;
				CLANG_WARN_RANGE_LOOP_ANALYSIS = YES;
				CLANG_WARN_STRICT_PROTOTYPES = YES;
				CLANG_WARN_SUSPICIOUS_MOVE = YES;
				CLANG_WARN_UNGUARDED_AVAILABILITY = YES_AGGRESSIVE;
				CLANG_WARN_UNREACHABLE_CODE = YES;
				CLANG_WARN__DUPLICATE_METHOD_MATCH = YES;
				CODE_SIGN_IDENTITY = "iPhone Developer";
				COPY_PHASE_STRIP = NO;
				DEBUG_INFORMATION_FORMAT = dwarf;
				ENABLE_STRICT_OBJC_MSGSEND = YES;
				ENABLE_TESTABILITY = YES;
				GCC_C_LANGUAGE_STANDARD = gnu11;
				GCC_DYNAMIC_NO_PIC = NO;
				GCC_NO_COMMON_BLOCKS = YES;
				GCC_OPTIMIZATION_LEVEL = 0;
				GCC_PREPROCESSOR_DEFINITIONS = (
					"DEBUG=1",
					"$(inherited)",
				);
				GCC_WARN_64_TO_32_BIT_CONVERSION = YES;
				GCC_WARN_ABOUT_RETURN_TYPE = YES_ERROR;
				GCC_WARN_UNDECLARED_SELECTOR = YES;
				GCC_WARN_UNINITIALIZED_AUTOS = YES_AGGRESSIVE;
				GCC_WARN_UNUSED_FUNCTION = YES;
				GCC_WARN_UNUSED_VARIABLE = YES;
				IPHONEOS_DEPLOYMENT_TARGET = 12.1;
				MTL_ENABLE_DEBUG_INFO = INCLUDE_SOURCE;
				MTL_FAST_MATH = YES;
				ONLY_ACTIVE_ARCH = YES;
				SDKROOT = iphoneos;
				SWIFT_ACTIVE_COMPILATION_CONDITIONS = DEBUG;
				SWIFT_OPTIMIZATION_LEVEL = "-Onone";
			};
			name = Debug;
		};
		175FE7F7220C6D6E00616A5E /* Release */ = {
			isa = XCBuildConfiguration;
			buildSettings = {
				ALWAYS_SEARCH_USER_PATHS = NO;
				CLANG_ANALYZER_NONNULL = YES;
				CLANG_ANALYZER_NUMBER_OBJECT_CONVERSION = YES_AGGRESSIVE;
				CLANG_CXX_LANGUAGE_STANDARD = "gnu++14";
				CLANG_CXX_LIBRARY = "libc++";
				CLANG_ENABLE_MODULES = YES;
				CLANG_ENABLE_OBJC_ARC = YES;
				CLANG_ENABLE_OBJC_WEAK = YES;
				CLANG_WARN_BLOCK_CAPTURE_AUTORELEASING = YES;
				CLANG_WARN_BOOL_CONVERSION = YES;
				CLANG_WARN_COMMA = YES;
				CLANG_WARN_CONSTANT_CONVERSION = YES;
				CLANG_WARN_DEPRECATED_OBJC_IMPLEMENTATIONS = YES;
				CLANG_WARN_DIRECT_OBJC_ISA_USAGE = YES_ERROR;
				CLANG_WARN_DOCUMENTATION_COMMENTS = YES;
				CLANG_WARN_EMPTY_BODY = YES;
				CLANG_WARN_ENUM_CONVERSION = YES;
				CLANG_WARN_INFINITE_RECURSION = YES;
				CLANG_WARN_INT_CONVERSION = YES;
				CLANG_WARN_NON_LITERAL_NULL_CONVERSION = YES;
				CLANG_WARN_OBJC_IMPLICIT_RETAIN_SELF = YES;
				CLANG_WARN_OBJC_LITERAL_CONVERSION = YES;
				CLANG_WARN_OBJC_ROOT_CLASS = YES_ERROR;
				CLANG_WARN_RANGE_LOOP_ANALYSIS = YES;
				CLANG_WARN_STRICT_PROTOTYPES = YES;
				CLANG_WARN_SUSPICIOUS_MOVE = YES;
				CLANG_WARN_UNGUARDED_AVAILABILITY = YES_AGGRESSIVE;
				CLANG_WARN_UNREACHABLE_CODE = YES;
				CLANG_WARN__DUPLICATE_METHOD_MATCH = YES;
				CODE_SIGN_IDENTITY = "iPhone Developer";
				COPY_PHASE_STRIP = NO;
				DEBUG_INFORMATION_FORMAT = "dwarf-with-dsym";
				ENABLE_NS_ASSERTIONS = NO;
				ENABLE_STRICT_OBJC_MSGSEND = YES;
				GCC_C_LANGUAGE_STANDARD = gnu11;
				GCC_NO_COMMON_BLOCKS = YES;
				GCC_WARN_64_TO_32_BIT_CONVERSION = YES;
				GCC_WARN_ABOUT_RETURN_TYPE = YES_ERROR;
				GCC_WARN_UNDECLARED_SELECTOR = YES;
				GCC_WARN_UNINITIALIZED_AUTOS = YES_AGGRESSIVE;
				GCC_WARN_UNUSED_FUNCTION = YES;
				GCC_WARN_UNUSED_VARIABLE = YES;
				IPHONEOS_DEPLOYMENT_TARGET = 12.1;
				MTL_ENABLE_DEBUG_INFO = NO;
				MTL_FAST_MATH = YES;
				SDKROOT = iphoneos;
				SWIFT_COMPILATION_MODE = wholemodule;
				SWIFT_OPTIMIZATION_LEVEL = "-O";
				VALIDATE_PRODUCT = YES;
			};
			name = Release;
		};
		175FE7F9220C6D6E00616A5E /* Debug */ = {
			isa = XCBuildConfiguration;
			baseConfigurationReference = D2992C13D0C344A700C3DDE8 /* Pods-BookWyrm.debug.xcconfig */;
			buildSettings = {
				ASSETCATALOG_COMPILER_APPICON_NAME = AppIcon;
				CLANG_ENABLE_MODULES = YES;
				CODE_SIGN_STYLE = Automatic;
				DEVELOPMENT_TEAM = "";
				INFOPLIST_FILE = BookWyrm/Info.plist;
				LD_RUNPATH_SEARCH_PATHS = (
					"$(inherited)",
					"@executable_path/Frameworks",
				);
				PRODUCT_BUNDLE_IDENTIFIER = za.co.dvt.BookWyrm;
				PRODUCT_NAME = "$(TARGET_NAME)";
				SWIFT_OBJC_BRIDGING_HEADER = "BookWyrm/CriticReviews/Protocols/BookWyrm-Bridging-Header.h";
				SWIFT_OPTIMIZATION_LEVEL = "-Onone";
				SWIFT_VERSION = 4.2;
				TARGETED_DEVICE_FAMILY = "1,2";
			};
			name = Debug;
		};
		175FE7FA220C6D6E00616A5E /* Release */ = {
			isa = XCBuildConfiguration;
			baseConfigurationReference = 9BE49BEBCF86F952648FCFBE /* Pods-BookWyrm.release.xcconfig */;
			buildSettings = {
				ASSETCATALOG_COMPILER_APPICON_NAME = AppIcon;
				CLANG_ENABLE_MODULES = YES;
				CODE_SIGN_STYLE = Automatic;
				DEVELOPMENT_TEAM = "";
				INFOPLIST_FILE = BookWyrm/Info.plist;
				LD_RUNPATH_SEARCH_PATHS = (
					"$(inherited)",
					"@executable_path/Frameworks",
				);
				PRODUCT_BUNDLE_IDENTIFIER = za.co.dvt.BookWyrm;
				PRODUCT_NAME = "$(TARGET_NAME)";
				SWIFT_OBJC_BRIDGING_HEADER = "BookWyrm/CriticReviews/Protocols/BookWyrm-Bridging-Header.h";
				SWIFT_VERSION = 4.2;
				TARGETED_DEVICE_FAMILY = "1,2";
			};
			name = Release;
		};
		17BA3158221D4C1500D1A0AA /* Debug */ = {
			isa = XCBuildConfiguration;
			baseConfigurationReference = 632393E0F72A80716BE9CCFE /* Pods-BookWyrmTests.debug.xcconfig */;
			buildSettings = {
				BUNDLE_LOADER = "$(TEST_HOST)";
				CODE_SIGN_STYLE = Automatic;
				INFOPLIST_FILE = BookWyrmTests/Info.plist;
				LD_RUNPATH_SEARCH_PATHS = (
					"$(inherited)",
					"@executable_path/Frameworks",
					"@loader_path/Frameworks",
				);
				PRODUCT_BUNDLE_IDENTIFIER = za.co.dvt.BookWyrmTests;
				PRODUCT_NAME = "$(TARGET_NAME)";
				SWIFT_VERSION = 4.2;
				TARGETED_DEVICE_FAMILY = "1,2";
				TEST_HOST = "$(BUILT_PRODUCTS_DIR)/BookWyrm.app/BookWyrm";
			};
			name = Debug;
		};
		17BA3159221D4C1500D1A0AA /* Release */ = {
			isa = XCBuildConfiguration;
			baseConfigurationReference = 0C5FB736401D31794089D1C7 /* Pods-BookWyrmTests.release.xcconfig */;
			buildSettings = {
				BUNDLE_LOADER = "$(TEST_HOST)";
				CODE_SIGN_STYLE = Automatic;
				INFOPLIST_FILE = BookWyrmTests/Info.plist;
				LD_RUNPATH_SEARCH_PATHS = (
					"$(inherited)",
					"@executable_path/Frameworks",
					"@loader_path/Frameworks",
				);
				PRODUCT_BUNDLE_IDENTIFIER = za.co.dvt.BookWyrmTests;
				PRODUCT_NAME = "$(TARGET_NAME)";
				SWIFT_VERSION = 4.2;
				TARGETED_DEVICE_FAMILY = "1,2";
				TEST_HOST = "$(BUILT_PRODUCTS_DIR)/BookWyrm.app/BookWyrm";
			};
			name = Release;
		};
		17EAF86B223A72F50053AF92 /* Debug */ = {
			isa = XCBuildConfiguration;
			buildSettings = {
				CODE_SIGN_STYLE = Automatic;
				INFOPLIST_FILE = BookWyrmUITests/Info.plist;
				LD_RUNPATH_SEARCH_PATHS = (
					"$(inherited)",
					"@executable_path/Frameworks",
					"@loader_path/Frameworks",
				);
				PRODUCT_BUNDLE_IDENTIFIER = za.co.dvt.BookWyrmUITests;
				PRODUCT_NAME = "$(TARGET_NAME)";
				SWIFT_VERSION = 4.2;
				TARGETED_DEVICE_FAMILY = "1,2";
				TEST_TARGET_NAME = BookWyrm;
			};
			name = Debug;
		};
		17EAF86C223A72F50053AF92 /* Release */ = {
			isa = XCBuildConfiguration;
			buildSettings = {
				CODE_SIGN_STYLE = Automatic;
				INFOPLIST_FILE = BookWyrmUITests/Info.plist;
				LD_RUNPATH_SEARCH_PATHS = (
					"$(inherited)",
					"@executable_path/Frameworks",
					"@loader_path/Frameworks",
				);
				PRODUCT_BUNDLE_IDENTIFIER = za.co.dvt.BookWyrmUITests;
				PRODUCT_NAME = "$(TARGET_NAME)";
				SWIFT_VERSION = 4.2;
				TARGETED_DEVICE_FAMILY = "1,2";
				TEST_TARGET_NAME = BookWyrm;
			};
			name = Release;
		};
/* End XCBuildConfiguration section */

/* Begin XCConfigurationList section */
		175FE7E1220C6D6E00616A5E /* Build configuration list for PBXProject "BookWyrm" */ = {
			isa = XCConfigurationList;
			buildConfigurations = (
				175FE7F6220C6D6E00616A5E /* Debug */,
				175FE7F7220C6D6E00616A5E /* Release */,
			);
			defaultConfigurationIsVisible = 0;
			defaultConfigurationName = Release;
		};
		175FE7F8220C6D6E00616A5E /* Build configuration list for PBXNativeTarget "BookWyrm" */ = {
			isa = XCConfigurationList;
			buildConfigurations = (
				175FE7F9220C6D6E00616A5E /* Debug */,
				175FE7FA220C6D6E00616A5E /* Release */,
			);
			defaultConfigurationIsVisible = 0;
			defaultConfigurationName = Release;
		};
		17BA315A221D4C1500D1A0AA /* Build configuration list for PBXNativeTarget "BookWyrmTests" */ = {
			isa = XCConfigurationList;
			buildConfigurations = (
				17BA3158221D4C1500D1A0AA /* Debug */,
				17BA3159221D4C1500D1A0AA /* Release */,
			);
			defaultConfigurationIsVisible = 0;
			defaultConfigurationName = Release;
		};
		17EAF86D223A72F50053AF92 /* Build configuration list for PBXNativeTarget "BookWyrmUITests" */ = {
			isa = XCConfigurationList;
			buildConfigurations = (
				17EAF86B223A72F50053AF92 /* Debug */,
				17EAF86C223A72F50053AF92 /* Release */,
			);
			defaultConfigurationIsVisible = 0;
			defaultConfigurationName = Release;
		};
/* End XCConfigurationList section */
	};
	rootObject = 175FE7DE220C6D6E00616A5E /* Project object */;
}
